
Microsoft Visual Studio Solution File, Format Version 12.00
# Visual Studio Version 17
VisualStudioVersion = 17.5.33530.505
MinimumVisualStudioVersion = 10.0.40219.1
Project("{FAE04EC0-301F-11D3-BF4B-00C04F79EFBC}") = "SimpleSudokuGame", "SimpleSudokuGame\SimpleSudokuGame.csproj", "{A8D69FCC-2CD4-4BF1-B2C4-9DC2FDA3E302}"
EndProject
Global
	GlobalSection(SolutionConfigurationPlatforms) = preSolution
		Debug|Any CPU = Debug|Any CPU
		Release|Any CPU = Release|Any CPU
	EndGlobalSection
	GlobalSection(ProjectConfigurationPlatforms) = postSolution
		{A8D69FCC-2CD4-4BF1-B2C4-9DC2FDA3E302}.Debug|Any CPU.ActiveCfg = Debug|Any CPU
		{A8D69FCC-2CD4-4BF1-B2C4-9DC2FDA3E302}.Debug|Any CPU.Build.0 = Debug|Any CPU
		{A8D69FCC-2CD4-4BF1-B2C4-9DC2FDA3E302}.Release|Any CPU.ActiveCfg = Release|Any CPU
		{A8D69FCC-2CD4-4BF1-B2C4-9DC2FDA3E302}.Release|Any CPU.Build.0 = Release|Any CPU
	EndGlobalSection
	GlobalSection(SolutionProperties) = preSolution
		HideSolutionNode = FALSE
	EndGlobalSection
	GlobalSection(ExtensibilityGlobals) = postSolution
		SolutionGuid = {54CD232E-D688-4FDF-BCFC-F2F9111D7362}
	EndGlobalSection
EndGlobal
